
Microsoft Visual Studio Solution File, Format Version 12.00
# Visual Studio Version 17
VisualStudioVersion = 17.8.34408.163
MinimumVisualStudioVersion = 10.0.40219.1
Project("{8BC9CEB8-8B4A-11D0-8D11-00A0C91BC942}") = "Simulare_jucator", "Simulare_jucator\Simulare_jucator.vcxproj", "{8255957F-6711-4BBE-ADCE-0A4E363AB170}"
EndProject
Global
	GlobalSection(SolutionConfigurationPlatforms) = preSolution
		Debug|x64 = Debug|x64
		Release|x64 = Release|x64
	EndGlobalSection
	GlobalSection(ProjectConfigurationPlatforms) = postSolution
		{8255957F-6711-4BBE-ADCE-0A4E363AB170}.Debug|x64.ActiveCfg = Debug|x64
		{8255957F-6711-4BBE-ADCE-0A4E363AB170}.Debug|x64.Build.0 = Debug|x64
		{8255957F-6711-4BBE-ADCE-0A4E363AB170}.Release|x64.ActiveCfg = Release|x64
		{8255957F-6711-4BBE-ADCE-0A4E363AB170}.Release|x64.Build.0 = Release|x64
	EndGlobalSection
	GlobalSection(SolutionProperties) = preSolution
		HideSolutionNode = FALSE
	EndGlobalSection
	GlobalSection(ExtensibilityGlobals) = postSolution
		SolutionGuid = {B35FF2A0-6ED2-49A4-A32A-B1232BEC0242}
	EndGlobalSection
EndGlobal
