
Microsoft Visual Studio Solution File, Format Version 12.00
# Visual Studio Version 17
VisualStudioVersion = 17.8.34408.163
MinimumVisualStudioVersion = 10.0.40219.1
Project("{8BC9CEB8-8B4A-11D0-8D11-00A0C91BC942}") = "history", "history\history.vcxproj", "{B570846B-7B5A-490A-A8F2-D7A1A3F1C1CE}"
EndProject
Global
	GlobalSection(SolutionConfigurationPlatforms) = preSolution
		Debug|x64 = Debug|x64
		Release|x64 = Release|x64
	EndGlobalSection
	GlobalSection(ProjectConfigurationPlatforms) = postSolution
		{B570846B-7B5A-490A-A8F2-D7A1A3F1C1CE}.Debug|x64.ActiveCfg = Debug|x64
		{B570846B-7B5A-490A-A8F2-D7A1A3F1C1CE}.Debug|x64.Build.0 = Debug|x64
		{B570846B-7B5A-490A-A8F2-D7A1A3F1C1CE}.Release|x64.ActiveCfg = Release|x64
		{B570846B-7B5A-490A-A8F2-D7A1A3F1C1CE}.Release|x64.Build.0 = Release|x64
	EndGlobalSection
	GlobalSection(SolutionProperties) = preSolution
		HideSolutionNode = FALSE
	EndGlobalSection
	GlobalSection(ExtensibilityGlobals) = postSolution
		SolutionGuid = {863C405D-900B-492D-B8C7-292BCD0A3A21}
	EndGlobalSection
EndGlobal
