
Microsoft Visual Studio Solution File, Format Version 12.00
# Visual Studio Version 17
VisualStudioVersion = 17.8.34408.163
MinimumVisualStudioVersion = 10.0.40219.1
Project("{8BC9CEB8-8B4A-11D0-8D11-00A0C91BC942}") = "grafuri_2", "grafuri_2\grafuri_2.vcxproj", "{EE57D418-C756-4569-872E-E7D9BEC5F967}"
EndProject
Global
	GlobalSection(SolutionConfigurationPlatforms) = preSolution
		Debug|x64 = Debug|x64
		Debug|x86 = Debug|x86
		Release|x64 = Release|x64
		Release|x86 = Release|x86
	EndGlobalSection
	GlobalSection(ProjectConfigurationPlatforms) = postSolution
		{EE57D418-C756-4569-872E-E7D9BEC5F967}.Debug|x64.ActiveCfg = Debug|x64
		{EE57D418-C756-4569-872E-E7D9BEC5F967}.Debug|x64.Build.0 = Debug|x64
		{EE57D418-C756-4569-872E-E7D9BEC5F967}.Debug|x86.ActiveCfg = Debug|Win32
		{EE57D418-C756-4569-872E-E7D9BEC5F967}.Debug|x86.Build.0 = Debug|Win32
		{EE57D418-C756-4569-872E-E7D9BEC5F967}.Release|x64.ActiveCfg = Release|x64
		{EE57D418-C756-4569-872E-E7D9BEC5F967}.Release|x64.Build.0 = Release|x64
		{EE57D418-C756-4569-872E-E7D9BEC5F967}.Release|x86.ActiveCfg = Release|Win32
		{EE57D418-C756-4569-872E-E7D9BEC5F967}.Release|x86.Build.0 = Release|Win32
	EndGlobalSection
	GlobalSection(SolutionProperties) = preSolution
		HideSolutionNode = FALSE
	EndGlobalSection
	GlobalSection(ExtensibilityGlobals) = postSolution
		SolutionGuid = {74F38778-2E3C-463D-ADEA-9BF41B39A69B}
	EndGlobalSection
EndGlobal
