
Microsoft Visual Studio Solution File, Format Version 12.00
# Visual Studio Version 17
VisualStudioVersion = 17.13.35931.197 d17.13
MinimumVisualStudioVersion = 10.0.40219.1
Project("{FAE04EC0-301F-11D3-BF4B-00C04F79EFBC}") = "Biscuiti", "Biscuiti\Biscuiti.csproj", "{61D2A492-00DF-4795-8430-094B1C3435CB}"
EndProject
Global
	GlobalSection(SolutionConfigurationPlatforms) = preSolution
		Debug|Any CPU = Debug|Any CPU
		Release|Any CPU = Release|Any CPU
	EndGlobalSection
	GlobalSection(ProjectConfigurationPlatforms) = postSolution
		{61D2A492-00DF-4795-8430-094B1C3435CB}.Debug|Any CPU.ActiveCfg = Debug|Any CPU
		{61D2A492-00DF-4795-8430-094B1C3435CB}.Debug|Any CPU.Build.0 = Debug|Any CPU
		{61D2A492-00DF-4795-8430-094B1C3435CB}.Release|Any CPU.ActiveCfg = Release|Any CPU
		{61D2A492-00DF-4795-8430-094B1C3435CB}.Release|Any CPU.Build.0 = Release|Any CPU
	EndGlobalSection
	GlobalSection(SolutionProperties) = preSolution
		HideSolutionNode = FALSE
	EndGlobalSection
	GlobalSection(ExtensibilityGlobals) = postSolution
		SolutionGuid = {FA6AEE8D-E57D-4301-9E67-A2DFA8A0E91B}
	EndGlobalSection
EndGlobal
