
Microsoft Visual Studio Solution File, Format Version 12.00
# Visual Studio Version 17
VisualStudioVersion = 17.8.34408.163
MinimumVisualStudioVersion = 10.0.40219.1
Project("{8BC9CEB8-8B4A-11D0-8D11-00A0C91BC942}") = "Simulare Apartamente", "Simulare Apartamente\Simulare Apartamente.vcxproj", "{093FCEA2-470B-435B-AD82-27A091C09DDA}"
EndProject
Global
	GlobalSection(SolutionConfigurationPlatforms) = preSolution
		Debug|x64 = Debug|x64
		Release|x64 = Release|x64
	EndGlobalSection
	GlobalSection(ProjectConfigurationPlatforms) = postSolution
		{093FCEA2-470B-435B-AD82-27A091C09DDA}.Debug|x64.ActiveCfg = Debug|x64
		{093FCEA2-470B-435B-AD82-27A091C09DDA}.Debug|x64.Build.0 = Debug|x64
		{093FCEA2-470B-435B-AD82-27A091C09DDA}.Release|x64.ActiveCfg = Release|x64
		{093FCEA2-470B-435B-AD82-27A091C09DDA}.Release|x64.Build.0 = Release|x64
	EndGlobalSection
	GlobalSection(SolutionProperties) = preSolution
		HideSolutionNode = FALSE
	EndGlobalSection
	GlobalSection(ExtensibilityGlobals) = postSolution
		SolutionGuid = {F6BF555F-2C60-427C-8903-FBE21C558D8F}
	EndGlobalSection
EndGlobal
