
Microsoft Visual Studio Solution File, Format Version 12.00
# Visual Studio Version 17
VisualStudioVersion = 17.13.35931.197 d17.13
MinimumVisualStudioVersion = 10.0.40219.1
Project("{FAE04EC0-301F-11D3-BF4B-00C04F79EFBC}") = "Melodii", "Melodii\Melodii.csproj", "{B3BE8757-05D9-43CB-B777-F3414EDCAE0B}"
EndProject
Global
	GlobalSection(SolutionConfigurationPlatforms) = preSolution
		Debug|Any CPU = Debug|Any CPU
		Release|Any CPU = Release|Any CPU
	EndGlobalSection
	GlobalSection(ProjectConfigurationPlatforms) = postSolution
		{B3BE8757-05D9-43CB-B777-F3414EDCAE0B}.Debug|Any CPU.ActiveCfg = Debug|Any CPU
		{B3BE8757-05D9-43CB-B777-F3414EDCAE0B}.Debug|Any CPU.Build.0 = Debug|Any CPU
		{B3BE8757-05D9-43CB-B777-F3414EDCAE0B}.Release|Any CPU.ActiveCfg = Release|Any CPU
		{B3BE8757-05D9-43CB-B777-F3414EDCAE0B}.Release|Any CPU.Build.0 = Release|Any CPU
	EndGlobalSection
	GlobalSection(SolutionProperties) = preSolution
		HideSolutionNode = FALSE
	EndGlobalSection
	GlobalSection(ExtensibilityGlobals) = postSolution
		SolutionGuid = {1A94E900-FD0F-406C-9D32-EA6A543705E5}
	EndGlobalSection
EndGlobal
